
Microsoft Visual Studio Solution File, Format Version 12.00
# Visual Studio 2013
VisualStudioVersion = 12.0.40629.0
MinimumVisualStudioVersion = 10.0.40219.1
Project("{FAE04EC0-301F-11D3-BF4B-00C04F79EFBC}") = "WcfService1", "WcfService1\WcfService1.csproj", "{434BD53C-7C1D-42CB-AB2C-6B100C3CEA33}"
EndProject
Project("{FAE04EC0-301F-11D3-BF4B-00C04F79EFBC}") = "Walidator", "testapp\Walidator.csproj", "{1B38CA97-F581-463B-9055-23E1F18003E9}"
	ProjectSection(ProjectDependencies) = postProject
		{434BD53C-7C1D-42CB-AB2C-6B100C3CEA33} = {434BD53C-7C1D-42CB-AB2C-6B100C3CEA33}
	EndProjectSection
EndProject
Global
	GlobalSection(SolutionConfigurationPlatforms) = preSolution
		Debug|Any CPU = Debug|Any CPU
		Release|Any CPU = Release|Any CPU
	EndGlobalSection
	GlobalSection(ProjectConfigurationPlatforms) = postSolution
		{434BD53C-7C1D-42CB-AB2C-6B100C3CEA33}.Debug|Any CPU.ActiveCfg = Debug|Any CPU
		{434BD53C-7C1D-42CB-AB2C-6B100C3CEA33}.Debug|Any CPU.Build.0 = Debug|Any CPU
		{434BD53C-7C1D-42CB-AB2C-6B100C3CEA33}.Release|Any CPU.ActiveCfg = Release|Any CPU
		{434BD53C-7C1D-42CB-AB2C-6B100C3CEA33}.Release|Any CPU.Build.0 = Release|Any CPU
		{1B38CA97-F581-463B-9055-23E1F18003E9}.Debug|Any CPU.ActiveCfg = Debug|Any CPU
		{1B38CA97-F581-463B-9055-23E1F18003E9}.Debug|Any CPU.Build.0 = Debug|Any CPU
		{1B38CA97-F581-463B-9055-23E1F18003E9}.Release|Any CPU.ActiveCfg = Release|Any CPU
		{1B38CA97-F581-463B-9055-23E1F18003E9}.Release|Any CPU.Build.0 = Release|Any CPU
	EndGlobalSection
	GlobalSection(SolutionProperties) = preSolution
		HideSolutionNode = FALSE
	EndGlobalSection
EndGlobal
